// !$*UTF8*$!
{
	archiveVersion = 1;
	classes = {
	};
	objectVersion = 50;
	objects = {

/* Begin PBXBuildFile section */
		FE4F5A0B235A0DAC0075CE55 /* OrderListPageViewController.swift in Sources */ = {isa = PBXBuildFile; fileRef = FE4F5A0A235A0DAC0075CE55 /* OrderListPageViewController.swift */; };
		FE757A6E2359F63400B3CD89 /* AppDelegate.swift in Sources */ = {isa = PBXBuildFile; fileRef = FE757A6D2359F63300B3CD89 /* AppDelegate.swift */; };
		FE757A702359F63400B3CD89 /* SceneDelegate.swift in Sources */ = {isa = PBXBuildFile; fileRef = FE757A6F2359F63400B3CD89 /* SceneDelegate.swift */; };
		FE757A722359F63400B3CD89 /* ViewController.swift in Sources */ = {isa = PBXBuildFile; fileRef = FE757A712359F63400B3CD89 /* ViewController.swift */; };
		FE757A752359F63400B3CD89 /* Main.storyboard in Resources */ = {isa = PBXBuildFile; fileRef = FE757A732359F63400B3CD89 /* Main.storyboard */; };
		FE757A772359F63400B3CD89 /* Assets.xcassets in Resources */ = {isa = PBXBuildFile; fileRef = FE757A762359F63400B3CD89 /* Assets.xcassets */; };
		FE757A7A2359F63400B3CD89 /* LaunchScreen.storyboard in Resources */ = {isa = PBXBuildFile; fileRef = FE757A782359F63400B3CD89 /* LaunchScreen.storyboard */; };
		FE757A822359F6CA00B3CD89 /* SignInViewController.swift in Sources */ = {isa = PBXBuildFile; fileRef = FE757A812359F6CA00B3CD89 /* SignInViewController.swift */; };
		FE757A842359F8EF00B3CD89 /* RegisterUserViewController.swift in Sources */ = {isa = PBXBuildFile; fileRef = FE757A832359F8EF00B3CD89 /* RegisterUserViewController.swift */; };
/* End PBXBuildFile section */

/* Begin PBXFileReference section */
		FE4F5A0A235A0DAC0075CE55 /* OrderListPageViewController.swift */ = {isa = PBXFileReference; lastKnownFileType = sourcecode.swift; path = OrderListPageViewController.swift; sourceTree = "<group>"; };
		FE757A6A2359F63300B3CD89 /* car_Banner.app */ = {isa = PBXFileReference; explicitFileType = wrapper.application; includeInIndex = 0; path = car_Banner.app; sourceTree = BUILT_PRODUCTS_DIR; };
		FE757A6D2359F63300B3CD89 /* AppDelegate.swift */ = {isa = PBXFileReference; lastKnownFileType = sourcecode.swift; path = AppDelegate.swift; sourceTree = "<group>"; };
		FE757A6F2359F63400B3CD89 /* SceneDelegate.swift */ = {isa = PBXFileReference; lastKnownFileType = sourcecode.swift; path = SceneDelegate.swift; sourceTree = "<group>"; };
		FE757A712359F63400B3CD89 /* ViewController.swift */ = {isa = PBXFileReference; lastKnownFileType = sourcecode.swift; path = ViewController.swift; sourceTree = "<group>"; };
		FE757A742359F63400B3CD89 /* Base */ = {isa = PBXFileReference; lastKnownFileType = file.storyboard; name = Base; path = Base.lproj/Main.storyboard; sourceTree = "<group>"; };
		FE757A762359F63400B3CD89 /* Assets.xcassets */ = {isa = PBXFileReference; lastKnownFileType = folder.assetcatalog; path = Assets.xcassets; sourceTree = "<group>"; };
		FE757A792359F63400B3CD89 /* Base */ = {isa = PBXFileReference; lastKnownFileType = file.storyboard; name = Base; path = Base.lproj/LaunchScreen.storyboard; sourceTree = "<group>"; };
		FE757A7B2359F63400B3CD89 /* Info.plist */ = {isa = PBXFileReference; lastKnownFileType = text.plist.xml; path = Info.plist; sourceTree = "<group>"; };
		FE757A812359F6CA00B3CD89 /* SignInViewController.swift */ = {isa = PBXFileReference; lastKnownFileType = sourcecode.swift; path = SignInViewController.swift; sourceTree = "<group>"; };
		FE757A832359F8EF00B3CD89 /* RegisterUserViewController.swift */ = {isa = PBXFileReference; lastKnownFileType = sourcecode.swift; path = RegisterUserViewController.swift; sourceTree = "<group>"; };
/* End PBXFileReference section */

/* Begin PBXFrameworksBuildPhase section */
		FE757A672359F63300B3CD89 /* Frameworks */ = {
			isa = PBXFrameworksBuildPhase;
			buildActionMask = 2147483647;
			files = (
			);
			runOnlyForDeploymentPostprocessing = 0;
		};
/* End PBXFrameworksBuildPhase section */

/* Begin PBXGroup section */
		FE757A612359F63300B3CD89 = {
			isa = PBXGroup;
			children = (
				FE757A6C2359F63300B3CD89 /* car_Banner */,
				FE757A6B2359F63300B3CD89 /* Products */,
			);
			sourceTree = "<group>";
		};
		FE757A6B2359F63300B3CD89 /* Products */ = {
			isa = PBXGroup;
			children = (
				FE757A6A2359F63300B3CD89 /* car_Banner.app */,
			);
			name = Products;
			sourceTree = "<group>";
		};
		FE757A6C2359F63300B3CD89 /* car_Banner */ = {
			isa = PBXGroup;
			children = (
				FE757A6D2359F63300B3CD89 /* AppDelegate.swift */,
				FE757A6F2359F63400B3CD89 /* SceneDelegate.swift */,
				FE757A712359F63400B3CD89 /* ViewController.swift */,
				FE757A732359F63400B3CD89 /* Main.storyboard */,
				FE4F5A0A235A0DAC0075CE55 /* OrderListPageViewController.swift */,
				FE757A812359F6CA00B3CD89 /* SignInViewController.swift */,
				FE757A832359F8EF00B3CD89 /* RegisterUserViewController.swift */,
				FE757A762359F63400B3CD89 /* Assets.xcassets */,
				FE757A782359F63400B3CD89 /* LaunchScreen.storyboard */,
				FE757A7B2359F63400B3CD89 /* Info.plist */,
			);
			path = car_Banner;
			sourceTree = "<group>";
		};
/* End PBXGroup section */

/* Begin PBXNativeTarget section */
		FE757A692359F63300B3CD89 /* car_Banner */ = {
			isa = PBXNativeTarget;
			buildConfigurationList = FE757A7E2359F63400B3CD89 /* Build configuration list for PBXNativeTarget "car_Banner" */;
			buildPhases = (
				FE757A662359F63300B3CD89 /* Sources */,
				FE757A672359F63300B3CD89 /* Frameworks */,
				FE757A682359F63300B3CD89 /* Resources */,
			);
			buildRules = (
			);
			dependencies = (
			);
			name = car_Banner;
			productName = car_Banner;
			productReference = FE757A6A2359F63300B3CD89 /* car_Banner.app */;
			productType = "com.apple.product-type.application";
		};
/* End PBXNativeTarget section */

/* Begin PBXProject section */
		FE757A622359F63300B3CD89 /* Project object */ = {
			isa = PBXProject;
			attributes = {
				LastSwiftUpdateCheck = 1110;
				LastUpgradeCheck = 1110;
				ORGANIZATIONNAME = "максим теодорович";
				TargetAttributes = {
					FE757A692359F63300B3CD89 = {
						CreatedOnToolsVersion = 11.1;
					};
				};
			};
			buildConfigurationList = FE757A652359F63300B3CD89 /* Build configuration list for PBXProject "car_Banner" */;
			compatibilityVersion = "Xcode 9.3";
			developmentRegion = en;
			hasScannedForEncodings = 0;
			knownRegions = (
				en,
				Base,
			);
			mainGroup = FE757A612359F63300B3CD89;
			productRefGroup = FE757A6B2359F63300B3CD89 /* Products */;
			projectDirPath = "";
			projectRoot = "";
			targets = (
				FE757A692359F63300B3CD89 /* car_Banner */,
			);
		};
/* End PBXProject section */

/* Begin PBXResourcesBuildPhase section */
		FE757A682359F63300B3CD89 /* Resources */ = {
			isa = PBXResourcesBuildPhase;
			buildActionMask = 2147483647;
			files = (
				FE757A7A2359F63400B3CD89 /* LaunchScreen.storyboard in Resources */,
				FE757A772359F63400B3CD89 /* Assets.xcassets in Resources */,
				FE757A752359F63400B3CD89 /* Main.storyboard in Resources */,
			);
			runOnlyForDeploymentPostprocessing = 0;
		};
/* End PBXResourcesBuildPhase section */

/* Begin PBXSourcesBuildPhase section */
		FE757A662359F63300B3CD89 /* Sources */ = {
			isa = PBXSourcesBuildPhase;
			buildActionMask = 2147483647;
			files = (
				FE757A842359F8EF00B3CD89 /* RegisterUserViewController.swift in Sources */,
				FE757A822359F6CA00B3CD89 /* SignInViewController.swift in Sources */,
				FE757A722359F63400B3CD89 /* ViewController.swift in Sources */,
				FE757A6E2359F63400B3CD89 /* AppDelegate.swift in Sources */,
				FE4F5A0B235A0DAC0075CE55 /* OrderListPageViewController.swift in Sources */,
				FE757A702359F63400B3CD89 /* SceneDelegate.swift in Sources */,
			);
			runOnlyForDeploymentPostprocessing = 0;
		};
/* End PBXSourcesBuildPhase section */

/* Begin PBXVariantGroup section */
		FE757A732359F63400B3CD89 /* Main.storyboard */ = {
			isa = PBXVariantGroup;
			children = (
				FE757A742359F63400B3CD89 /* Base */,
			);
			name = Main.storyboard;
			sourceTree = "<group>";
		};
		FE757A782359F63400B3CD89 /* LaunchScreen.storyboard */ = {
			isa = PBXVariantGroup;
			children = (
				FE757A792359F63400B3CD89 /* Base */,
			);
			name = LaunchScreen.storyboard;
			sourceTree = "<group>";
		};
/* End PBXVariantGroup section */

/* Begin XCBuildConfiguration section */
		FE757A7C2359F63400B3CD89 /* Debug */ = {
			isa = XCBuildConfiguration;
			buildSettings = {
				ALWAYS_SEARCH_USER_PATHS = NO;
				CLANG_ANALYZER_NONNULL = YES;
				CLANG_ANALYZER_NUMBER_OBJECT_CONVERSION = YES_AGGRESSIVE;
				CLANG_CXX_LANGUAGE_STANDARD = "gnu++14";
				CLANG_CXX_LIBRARY = "libc++";
				CLANG_ENABLE_MODULES = YES;
				CLANG_ENABLE_OBJC_ARC = YES;
				CLANG_ENABLE_OBJC_WEAK = YES;
				CLANG_WARN_BLOCK_CAPTURE_AUTORELEASING = YES;
				CLANG_WARN_BOOL_CONVERSION = YES;
				CLANG_WARN_COMMA = YES;
				CLANG_WARN_CONSTANT_CONVERSION = YES;
				CLANG_WARN_DEPRECATED_OBJC_IMPLEMENTATIONS = YES;
				CLANG_WARN_DIRECT_OBJC_ISA_USAGE = YES_ERROR;
				CLANG_WARN_DOCUMENTATION_COMMENTS = YES;
				CLANG_WARN_EMPTY_BODY = YES;
				CLANG_WARN_ENUM_CONVERSION = YES;
				CLANG_WARN_INFINITE_RECURSION = YES;
				CLANG_WARN_INT_CONVERSION = YES;
				CLANG_WARN_NON_LITERAL_NULL_CONVERSION = YES;
				CLANG_WARN_OBJC_IMPLICIT_RETAIN_SELF = YES;
				CLANG_WARN_OBJC_LITERAL_CONVERSION = YES;
				CLANG_WARN_OBJC_ROOT_CLASS = YES_ERROR;
				CLANG_WARN_RANGE_LOOP_ANALYSIS = YES;
				CLANG_WARN_STRICT_PROTOTYPES = YES;
				CLANG_WARN_SUSPICIOUS_MOVE = YES;
				CLANG_WARN_UNGUARDED_AVAILABILITY = YES_AGGRESSIVE;
				CLANG_WARN_UNREACHABLE_CODE = YES;
				CLANG_WARN__DUPLICATE_METHOD_MATCH = YES;
				COPY_PHASE_STRIP = NO;
				DEBUG_INFORMATION_FORMAT = dwarf;
				ENABLE_STRICT_OBJC_MSGSEND = YES;
				ENABLE_TESTABILITY = YES;
				GCC_C_LANGUAGE_STANDARD = gnu11;
				GCC_DYNAMIC_NO_PIC = NO;
				GCC_NO_COMMON_BLOCKS = YES;
				GCC_OPTIMIZATION_LEVEL = 0;
				GCC_PREPROCESSOR_DEFINITIONS = (
					"DEBUG=1",
					"$(inherited)",
				);
				GCC_WARN_64_TO_32_BIT_CONVERSION = YES;
				GCC_WARN_ABOUT_RETURN_TYPE = YES_ERROR;
				GCC_WARN_UNDECLARED_SELECTOR = YES;
				GCC_WARN_UNINITIALIZED_AUTOS = YES_AGGRESSIVE;
				GCC_WARN_UNUSED_FUNCTION = YES;
				GCC_WARN_UNUSED_VARIABLE = YES;
				IPHONEOS_DEPLOYMENT_TARGET = 13.1;
				MTL_ENABLE_DEBUG_INFO = INCLUDE_SOURCE;
				MTL_FAST_MATH = YES;
				ONLY_ACTIVE_ARCH = YES;
				SDKROOT = iphoneos;
				SWIFT_ACTIVE_COMPILATION_CONDITIONS = DEBUG;
				SWIFT_OPTIMIZATION_LEVEL = "-Onone";
			};
			name = Debug;
		};
		FE757A7D2359F63400B3CD89 /* Release */ = {
			isa = XCBuildConfiguration;
			buildSettings = {
				ALWAYS_SEARCH_USER_PATHS = NO;
				CLANG_ANALYZER_NONNULL = YES;
				CLANG_ANALYZER_NUMBER_OBJECT_CONVERSION = YES_AGGRESSIVE;
				CLANG_CXX_LANGUAGE_STANDARD = "gnu++14";
				CLANG_CXX_LIBRARY = "libc++";
				CLANG_ENABLE_MODULES = YES;
				CLANG_ENABLE_OBJC_ARC = YES;
				CLANG_ENABLE_OBJC_WEAK = YES;
				CLANG_WARN_BLOCK_CAPTURE_AUTORELEASING = YES;
				CLANG_WARN_BOOL_CONVERSION = YES;
				CLANG_WARN_COMMA = YES;
				CLANG_WARN_CONSTANT_CONVERSION = YES;
				CLANG_WARN_DEPRECATED_OBJC_IMPLEMENTATIONS = YES;
				CLANG_WARN_DIRECT_OBJC_ISA_USAGE = YES_ERROR;
				CLANG_WARN_DOCUMENTATION_COMMENTS = YES;
				CLANG_WARN_EMPTY_BODY = YES;
				CLANG_WARN_ENUM_CONVERSION = YES;
				CLANG_WARN_INFINITE_RECURSION = YES;
				CLANG_WARN_INT_CONVERSION = YES;
				CLANG_WARN_NON_LITERAL_NULL_CONVERSION = YES;
				CLANG_WARN_OBJC_IMPLICIT_RETAIN_SELF = YES;
				CLANG_WARN_OBJC_LITERAL_CONVERSION = YES;
				CLANG_WARN_OBJC_ROOT_CLASS = YES_ERROR;
				CLANG_WARN_RANGE_LOOP_ANALYSIS = YES;
				CLANG_WARN_STRICT_PROTOTYPES = YES;
				CLANG_WARN_SUSPICIOUS_MOVE = YES;
				CLANG_WARN_UNGUARDED_AVAILABILITY = YES_AGGRESSIVE;
				CLANG_WARN_UNREACHABLE_CODE = YES;
				CLANG_WARN__DUPLICATE_METHOD_MATCH = YES;
				COPY_PHASE_STRIP = NO;
				DEBUG_INFORMATION_FORMAT = "dwarf-with-dsym";
				ENABLE_NS_ASSERTIONS = NO;
				ENABLE_STRICT_OBJC_MSGSEND = YES;
				GCC_C_LANGUAGE_STANDARD = gnu11;
				GCC_NO_COMMON_BLOCKS = YES;
				GCC_WARN_64_TO_32_BIT_CONVERSION = YES;
				GCC_WARN_ABOUT_RETURN_TYPE = YES_ERROR;
				GCC_WARN_UNDECLARED_SELECTOR = YES;
				GCC_WARN_UNINITIALIZED_AUTOS = YES_AGGRESSIVE;
				GCC_WARN_UNUSED_FUNCTION = YES;
				GCC_WARN_UNUSED_VARIABLE = YES;
				IPHONEOS_DEPLOYMENT_TARGET = 13.1;
				MTL_ENABLE_DEBUG_INFO = NO;
				MTL_FAST_MATH = YES;
				SDKROOT = iphoneos;
				SWIFT_COMPILATION_MODE = wholemodule;
				SWIFT_OPTIMIZATION_LEVEL = "-O";
				VALIDATE_PRODUCT = YES;
			};
			name = Release;
		};
		FE757A7F2359F63400B3CD89 /* Debug */ = {
			isa = XCBuildConfiguration;
			buildSettings = {
				ASSETCATALOG_COMPILER_APPICON_NAME = AppIcon;
				CODE_SIGN_STYLE = Automatic;
				DEVELOPMENT_TEAM = AMBT6DSVXQ;
				INFOPLIST_FILE = car_Banner/Info.plist;
				LD_RUNPATH_SEARCH_PATHS = (
					"$(inherited)",
					"@executable_path/Frameworks",
				);
				PRODUCT_BUNDLE_IDENTIFIER = "Fire-God.inc.car-Banner";
				PRODUCT_NAME = "$(TARGET_NAME)";
				SWIFT_VERSION = 5.0;
				TARGETED_DEVICE_FAMILY = "1,2";
			};
			name = Debug;
		};
		FE757A802359F63400B3CD89 /* Release */ = {
			isa = XCBuildConfiguration;
			buildSettings = {
				ASSETCATALOG_COMPILER_APPICON_NAME = AppIcon;
				CODE_SIGN_STYLE = Automatic;
				DEVELOPMENT_TEAM = AMBT6DSVXQ;
				INFOPLIST_FILE = car_Banner/Info.plist;
				LD_RUNPATH_SEARCH_PATHS = (
					"$(inherited)",
					"@executable_path/Frameworks",
				);
				PRODUCT_BUNDLE_IDENTIFIER = "Fire-God.inc.car-Banner";
				PRODUCT_NAME = "$(TARGET_NAME)";
				SWIFT_VERSION = 5.0;
				TARGETED_DEVICE_FAMILY = "1,2";
			};
			name = Release;
		};
/* End XCBuildConfiguration section */

/* Begin XCConfigurationList section */
		FE757A652359F63300B3CD89 /* Build configuration list for PBXProject "car_Banner" */ = {
			isa = XCConfigurationList;
			buildConfigurations = (
				FE757A7C2359F63400B3CD89 /* Debug */,
				FE757A7D2359F63400B3CD89 /* Release */,
			);
			defaultConfigurationIsVisible = 0;
			defaultConfigurationName = Release;
		};
		FE757A7E2359F63400B3CD89 /* Build configuration list for PBXNativeTarget "car_Banner" */ = {
			isa = XCConfigurationList;
			buildConfigurations = (
				FE757A7F2359F63400B3CD89 /* Debug */,
				FE757A802359F63400B3CD89 /* Release */,
			);
			defaultConfigurationIsVisible = 0;
			defaultConfigurationName = Release;
		};
/* End XCConfigurationList section */
	};
	rootObject = FE757A622359F63300B3CD89 /* Project object */;
}
